{
  "name": "syssoniainventory",
  "lockfileVersion": 3,
  "requires": true,
  "packages": {
    "": {
      "dependencies": {
        "sweetalert2": "^11.15.5"
      }
    },
    "node_modules/sweetalert2": {
      "version": "11.15.5",
      "resolved": "https://registry.npmjs.org/sweetalert2/-/sweetalert2-11.15.5.tgz",
      "integrity": "sha512-bVfmz1M1EZdbSagMSjfrLMzsWD0RKkHBRn73xZBCLzk8lXAJ6gfh63SmRGOzKfUynvg33cjxk5dTnFZozqsEvg==",
      "license": "MIT",
      "funding": {
        "type": "individual",
        "url": "https://github.com/sponsors/limonte"
      }
    }
  }
}
